Microsoft Visual Studio Solution File, Format Version 11.00
# Visual Studio 2008

Project("{01193837-5C25-B5BF-2E5A-EA332EF79C1A}") = "ObstacleRace", "Assembly-CSharp.csproj", "{1ACAFFE5-3AB3-BFAC-DC2D-7421AD841EC6}"
EndProject
Project("{01193837-5C25-B5BF-2E5A-EA332EF79C1A}") = "ObstacleRace", "Assembly-CSharp-Editor.csproj", "{35A79056-47C2-216D-30A1-15AA933385EB}"
EndProject
Global
	GlobalSection(SolutionConfigurationPlatforms) = preSolution
		Debug|Any CPU = Debug|Any CPU
		Release|Any CPU = Release|Any CPU
	EndGlobalSection
	GlobalSection(ProjectConfigurationPlatforms) = postSolution
		{1ACAFFE5-3AB3-BFAC-DC2D-7421AD841EC6}.Debug|Any CPU.ActiveCfg = Debug|Any CPU
		{1ACAFFE5-3AB3-BFAC-DC2D-7421AD841EC6}.Debug|Any CPU.Build.0 = Debug|Any CPU
		{1ACAFFE5-3AB3-BFAC-DC2D-7421AD841EC6}.Release|Any CPU.ActiveCfg = Release|Any CPU
		{1ACAFFE5-3AB3-BFAC-DC2D-7421AD841EC6}.Release|Any CPU.Build.0 = Release|Any CPU
		{35A79056-47C2-216D-30A1-15AA933385EB}.Debug|Any CPU.ActiveCfg = Debug|Any CPU
		{35A79056-47C2-216D-30A1-15AA933385EB}.Debug|Any CPU.Build.0 = Debug|Any CPU
		{35A79056-47C2-216D-30A1-15AA933385EB}.Release|Any CPU.ActiveCfg = Release|Any CPU
		{35A79056-47C2-216D-30A1-15AA933385EB}.Release|Any CPU.Build.0 = Release|Any CPU
	EndGlobalSection
	GlobalSection(SolutionProperties) = preSolution
		HideSolutionNode = FALSE
	EndGlobalSection
	GlobalSection(MonoDevelopProperties) = preSolution
		StartupItem = Assembly-CSharp.csproj
	EndGlobalSection
EndGlobal
